// !$*UTF8*$!
{
	archiveVersion = 1;
	classes = {
	};
	objectVersion = 77;
	objects = {

/* Begin PBXBuildFile section */
		C0B338E52EFD4B3700808732 /* TOMLKit in Frameworks */ = {isa = PBXBuildFile; productRef = C0B338E42EFD4B3700808732 /* TOMLKit */; };
/* End PBXBuildFile section */

/* Begin PBXContainerItemProxy section */
		C0B3389B2EFD24B400808732 /* PBXContainerItemProxy */ = {
			isa = PBXContainerItemProxy;
			containerPortal = C0B338812EFD24B200808732 /* Project object */;
			proxyType = 1;
			remoteGlobalIDString = C0B338882EFD24B200808732;
			remoteInfo = KeyTee;
		};
		C0B338A52EFD24B400808732 /* PBXContainerItemProxy */ = {
			isa = PBXContainerItemProxy;
			containerPortal = C0B338812EFD24B200808732 /* Project object */;
			proxyType = 1;
			remoteGlobalIDString = C0B338882EFD24B200808732;
			remoteInfo = KeyTee;
		};
/* End PBXContainerItemProxy section */

/* Begin PBXFileReference section */
		C0B338892EFD24B200808732 /* KeyTee.app */ = {isa = PBXFileReference; explicitFileType = wrapper.application; includeInIndex = 0; path = KeyTee.app; sourceTree = BUILT_PRODUCTS_DIR; };
		C0B3389A2EFD24B400808732 /* KeyTeeTests.xctest */ = {isa = PBXFileReference; explicitFileType = wrapper.cfbundle; includeInIndex = 0; path = KeyTeeTests.xctest; sourceTree = BUILT_PRODUCTS_DIR; };
		C0B338A42EFD24B400808732 /* KeyTeeUITests.xctest */ = {isa = PBXFileReference; explicitFileType = wrapper.cfbundle; includeInIndex = 0; path = KeyTeeUITests.xctest; sourceTree = BUILT_PRODUCTS_DIR; };
		C0B338F02EFD5A0000808732 /* Shared.xcconfig */ = {isa = PBXFileReference; lastKnownFileType = text.xcconfig; path = "KeyTee/Config/Shared.xcconfig"; sourceTree = "<group>"; };
		C0B338F12EFD5A0000808732 /* Debug.xcconfig */ = {isa = PBXFileReference; lastKnownFileType = text.xcconfig; path = "KeyTee/Config/Debug.xcconfig"; sourceTree = "<group>"; };
		C0B338F22EFD5A0000808732 /* Release.xcconfig */ = {isa = PBXFileReference; lastKnownFileType = text.xcconfig; path = "KeyTee/Config/Release.xcconfig"; sourceTree = "<group>"; };
/* End PBXFileReference section */

/* Begin PBXFileSystemSynchronizedBuildFileExceptionSet section */
		C0B338B82EFD24E100808732 /* Exceptions for "KeyTee" folder in "KeyTee" target */ = {
			isa = PBXFileSystemSynchronizedBuildFileExceptionSet;
			membershipExceptions = (
				Info.plist,
			);
			target = C0B338882EFD24B200808732 /* KeyTee */;
		};
/* End PBXFileSystemSynchronizedBuildFileExceptionSet section */

/* Begin PBXFileSystemSynchronizedRootGroup section */
		C0B3388B2EFD24B200808732 /* KeyTee */ = {
			isa = PBXFileSystemSynchronizedRootGroup;
			exceptions = (
				C0B338B82EFD24E100808732 /* Exceptions for "KeyTee" folder in "KeyTee" target */,
			);
			path = KeyTee;
			sourceTree = "<group>";
		};
		C0B3389D2EFD24B400808732 /* KeyTeeTests */ = {
			isa = PBXFileSystemSynchronizedRootGroup;
			path = KeyTeeTests;
			sourceTree = "<group>";
		};
		C0B338A72EFD24B400808732 /* KeyTeeUITests */ = {
			isa = PBXFileSystemSynchronizedRootGroup;
			path = KeyTeeUITests;
			sourceTree = "<group>";
		};
/* End PBXFileSystemSynchronizedRootGroup section */

/* Begin PBXFrameworksBuildPhase section */
		C0B338862EFD24B200808732 /* Frameworks */ = {
			isa = PBXFrameworksBuildPhase;
			buildActionMask = 2147483647;
			files = (
				C0B338E52EFD4B3700808732 /* TOMLKit in Frameworks */,
			);
			runOnlyForDeploymentPostprocessing = 0;
		};
		C0B338972EFD24B400808732 /* Frameworks */ = {
			isa = PBXFrameworksBuildPhase;
			buildActionMask = 2147483647;
			files = (
			);
			runOnlyForDeploymentPostprocessing = 0;
		};
		C0B338A12EFD24B400808732 /* Frameworks */ = {
			isa = PBXFrameworksBuildPhase;
			buildActionMask = 2147483647;
			files = (
			);
			runOnlyForDeploymentPostprocessing = 0;
		};
/* End PBXFrameworksBuildPhase section */

/* Begin PBXGroup section */
		C0B338802EFD24B200808732 = {
			isa = PBXGroup;
			children = (
				C0B3388B2EFD24B200808732 /* KeyTee */,
				C0B3389D2EFD24B400808732 /* KeyTeeTests */,
				C0B338A72EFD24B400808732 /* KeyTeeUITests */,
				C0B3388A2EFD24B200808732 /* Products */,
			);
			sourceTree = "<group>";
		};
		C0B3388A2EFD24B200808732 /* Products */ = {
			isa = PBXGroup;
			children = (
				C0B338892EFD24B200808732 /* KeyTee.app */,
				C0B3389A2EFD24B400808732 /* KeyTeeTests.xctest */,
				C0B338A42EFD24B400808732 /* KeyTeeUITests.xctest */,
			);
			name = Products;
			sourceTree = "<group>";
		};
/* End PBXGroup section */

/* Begin PBXNativeTarget section */
		C0B338882EFD24B200808732 /* KeyTee */ = {
			isa = PBXNativeTarget;
			buildConfigurationList = C0B338AE2EFD24B400808732 /* Build configuration list for PBXNativeTarget "KeyTee" */;
			buildPhases = (
				C0B338852EFD24B200808732 /* Sources */,
				C0B338862EFD24B200808732 /* Frameworks */,
				C0B338872EFD24B200808732 /* Resources */,
			);
			buildRules = (
			);
			dependencies = (
			);
			fileSystemSynchronizedGroups = (
				C0B3388B2EFD24B200808732 /* KeyTee */,
			);
			name = KeyTee;
			packageProductDependencies = (
				C0B338E42EFD4B3700808732 /* TOMLKit */,
			);
			productName = KeyTee;
			productReference = C0B338892EFD24B200808732 /* KeyTee.app */;
			productType = "com.apple.product-type.application";
		};
		C0B338992EFD24B400808732 /* KeyTeeTests */ = {
			isa = PBXNativeTarget;
			buildConfigurationList = C0B338B12EFD24B400808732 /* Build configuration list for PBXNativeTarget "KeyTeeTests" */;
			buildPhases = (
				C0B338962EFD24B400808732 /* Sources */,
				C0B338972EFD24B400808732 /* Frameworks */,
				C0B338982EFD24B400808732 /* Resources */,
			);
			buildRules = (
			);
			dependencies = (
				C0B3389C2EFD24B400808732 /* PBXTargetDependency */,
			);
			fileSystemSynchronizedGroups = (
				C0B3389D2EFD24B400808732 /* KeyTeeTests */,
			);
			name = KeyTeeTests;
			packageProductDependencies = (
			);
			productName = KeyTeeTests;
			productReference = C0B3389A2EFD24B400808732 /* KeyTeeTests.xctest */;
			productType = "com.apple.product-type.bundle.unit-test";
		};
		C0B338A32EFD24B400808732 /* KeyTeeUITests */ = {
			isa = PBXNativeTarget;
			buildConfigurationList = C0B338B42EFD24B400808732 /* Build configuration list for PBXNativeTarget "KeyTeeUITests" */;
			buildPhases = (
				C0B338A02EFD24B400808732 /* Sources */,
				C0B338A12EFD24B400808732 /* Frameworks */,
				C0B338A22EFD24B400808732 /* Resources */,
			);
			buildRules = (
			);
			dependencies = (
				C0B338A62EFD24B400808732 /* PBXTargetDependency */,
			);
			fileSystemSynchronizedGroups = (
				C0B338A72EFD24B400808732 /* KeyTeeUITests */,
			);
			name = KeyTeeUITests;
			packageProductDependencies = (
			);
			productName = KeyTeeUITests;
			productReference = C0B338A42EFD24B400808732 /* KeyTeeUITests.xctest */;
			productType = "com.apple.product-type.bundle.ui-testing";
		};
/* End PBXNativeTarget section */

/* Begin PBXProject section */
		C0B338812EFD24B200808732 /* Project object */ = {
			isa = PBXProject;
			attributes = {
				BuildIndependentTargetsInParallel = 1;
				LastSwiftUpdateCheck = 1620;
				LastUpgradeCheck = 1620;
				TargetAttributes = {
					C0B338882EFD24B200808732 = {
						CreatedOnToolsVersion = 16.2;
					};
					C0B338992EFD24B400808732 = {
						CreatedOnToolsVersion = 16.2;
						TestTargetID = C0B338882EFD24B200808732;
					};
					C0B338A32EFD24B400808732 = {
						CreatedOnToolsVersion = 16.2;
						TestTargetID = C0B338882EFD24B200808732;
					};
				};
			};
			buildConfigurationList = C0B338842EFD24B200808732 /* Build configuration list for PBXProject "KeyTee" */;
			developmentRegion = en;
			hasScannedForEncodings = 0;
			knownRegions = (
				en,
				Base,
			);
			mainGroup = C0B338802EFD24B200808732;
			minimizedProjectReferenceProxies = 1;
			packageReferences = (
				C0B338E32EFD4B3700808732 /* XCRemoteSwiftPackageReference "TOMLKit" */,
			);
			preferredProjectObjectVersion = 77;
			productRefGroup = C0B3388A2EFD24B200808732 /* Products */;
			projectDirPath = "";
			projectRoot = "";
			targets = (
				C0B338882EFD24B200808732 /* KeyTee */,
				C0B338992EFD24B400808732 /* KeyTeeTests */,
				C0B338A32EFD24B400808732 /* KeyTeeUITests */,
			);
		};
/* End PBXProject section */

/* Begin PBXResourcesBuildPhase section */
		C0B338872EFD24B200808732 /* Resources */ = {
			isa = PBXResourcesBuildPhase;
			buildActionMask = 2147483647;
			files = (
			);
			runOnlyForDeploymentPostprocessing = 0;
		};
		C0B338982EFD24B400808732 /* Resources */ = {
			isa = PBXResourcesBuildPhase;
			buildActionMask = 2147483647;
			files = (
			);
			runOnlyForDeploymentPostprocessing = 0;
		};
		C0B338A22EFD24B400808732 /* Resources */ = {
			isa = PBXResourcesBuildPhase;
			buildActionMask = 2147483647;
			files = (
			);
			runOnlyForDeploymentPostprocessing = 0;
		};
/* End PBXResourcesBuildPhase section */

/* Begin PBXSourcesBuildPhase section */
		C0B338852EFD24B200808732 /* Sources */ = {
			isa = PBXSourcesBuildPhase;
			buildActionMask = 2147483647;
			files = (
			);
			runOnlyForDeploymentPostprocessing = 0;
		};
		C0B338962EFD24B400808732 /* Sources */ = {
			isa = PBXSourcesBuildPhase;
			buildActionMask = 2147483647;
			files = (
			);
			runOnlyForDeploymentPostprocessing = 0;
		};
		C0B338A02EFD24B400808732 /* Sources */ = {
			isa = PBXSourcesBuildPhase;
			buildActionMask = 2147483647;
			files = (
			);
			runOnlyForDeploymentPostprocessing = 0;
		};
/* End PBXSourcesBuildPhase section */

/* Begin PBXTargetDependency section */
		C0B3389C2EFD24B400808732 /* PBXTargetDependency */ = {
			isa = PBXTargetDependency;
			target = C0B338882EFD24B200808732 /* KeyTee */;
			targetProxy = C0B3389B2EFD24B400808732 /* PBXContainerItemProxy */;
		};
		C0B338A62EFD24B400808732 /* PBXTargetDependency */ = {
			isa = PBXTargetDependency;
			target = C0B338882EFD24B200808732 /* KeyTee */;
			targetProxy = C0B338A52EFD24B400808732 /* PBXContainerItemProxy */;
		};
/* End PBXTargetDependency section */

/* Begin XCBuildConfiguration section */
		C0B338AC2EFD24B400808732 /* Debug */ = {
			isa = XCBuildConfiguration;
			buildSettings = {
				ALWAYS_SEARCH_USER_PATHS = NO;
				ASSETCATALOG_COMPILER_GENERATE_SWIFT_ASSET_SYMBOL_EXTENSIONS = YES;
				CLANG_ANALYZER_NONNULL = YES;
				CLANG_ANALYZER_NUMBER_OBJECT_CONVERSION = YES_AGGRESSIVE;
				CLANG_CXX_LANGUAGE_STANDARD = "gnu++20";
				CLANG_ENABLE_MODULES = YES;
				CLANG_ENABLE_OBJC_ARC = YES;
				CLANG_ENABLE_OBJC_WEAK = YES;
				CLANG_WARN_BLOCK_CAPTURE_AUTORELEASING = YES;
				CLANG_WARN_BOOL_CONVERSION = YES;
				CLANG_WARN_COMMA = YES;
				CLANG_WARN_CONSTANT_CONVERSION = YES;
				CLANG_WARN_DEPRECATED_OBJC_IMPLEMENTATIONS = YES;
				CLANG_WARN_DIRECT_OBJC_ISA_USAGE = YES_ERROR;
				CLANG_WARN_DOCUMENTATION_COMMENTS = YES;
				CLANG_WARN_EMPTY_BODY = YES;
				CLANG_WARN_ENUM_CONVERSION = YES;
				CLANG_WARN_INFINITE_RECURSION = YES;
				CLANG_WARN_INT_CONVERSION = YES;
				CLANG_WARN_NON_LITERAL_NULL_CONVERSION = YES;
				CLANG_WARN_OBJC_IMPLICIT_RETAIN_SELF = YES;
				CLANG_WARN_OBJC_LITERAL_CONVERSION = YES;
				CLANG_WARN_OBJC_ROOT_CLASS = YES_ERROR;
				CLANG_WARN_QUOTED_INCLUDE_IN_FRAMEWORK_HEADER = YES;
				CLANG_WARN_RANGE_LOOP_ANALYSIS = YES;
				CLANG_WARN_STRICT_PROTOTYPES = YES;
				CLANG_WARN_SUSPICIOUS_MOVE = YES;
				CLANG_WARN_UNGUARDED_AVAILABILITY = YES_AGGRESSIVE;
				CLANG_WARN_UNREACHABLE_CODE = YES;
				CLANG_WARN__DUPLICATE_METHOD_MATCH = YES;
				COPY_PHASE_STRIP = NO;
				DEBUG_INFORMATION_FORMAT = dwarf;
				ENABLE_STRICT_OBJC_MSGSEND = YES;
				ENABLE_TESTABILITY = YES;
				ENABLE_USER_SCRIPT_SANDBOXING = YES;
				GCC_C_LANGUAGE_STANDARD = gnu17;
				GCC_DYNAMIC_NO_PIC = NO;
				GCC_NO_COMMON_BLOCKS = YES;
				GCC_OPTIMIZATION_LEVEL = 0;
				GCC_PREPROCESSOR_DEFINITIONS = (
					"DEBUG=1",
					"$(inherited)",
				);
				GCC_WARN_64_TO_32_BIT_CONVERSION = YES;
				GCC_WARN_ABOUT_RETURN_TYPE = YES_ERROR;
				GCC_WARN_UNDECLARED_SELECTOR = YES;
				GCC_WARN_UNINITIALIZED_AUTOS = YES_AGGRESSIVE;
				GCC_WARN_UNUSED_FUNCTION = YES;
				GCC_WARN_UNUSED_VARIABLE = YES;
				LOCALIZATION_PREFERS_STRING_CATALOGS = YES;
				MACOSX_DEPLOYMENT_TARGET = 15.2;
				MTL_ENABLE_DEBUG_INFO = INCLUDE_SOURCE;
				MTL_FAST_MATH = YES;
				ONLY_ACTIVE_ARCH = YES;
				SDKROOT = macosx;
				SWIFT_ACTIVE_COMPILATION_CONDITIONS = "DEBUG $(inherited)";
				SWIFT_OPTIMIZATION_LEVEL = "-Onone";
			};
			name = Debug;
		};
		C0B338AD2EFD24B400808732 /* Release */ = {
			isa = XCBuildConfiguration;
			buildSettings = {
				ALWAYS_SEARCH_USER_PATHS = NO;
				ASSETCATALOG_COMPILER_GENERATE_SWIFT_ASSET_SYMBOL_EXTENSIONS = YES;
				CLANG_ANALYZER_NONNULL = YES;
				CLANG_ANALYZER_NUMBER_OBJECT_CONVERSION = YES_AGGRESSIVE;
				CLANG_CXX_LANGUAGE_STANDARD = "gnu++20";
				CLANG_ENABLE_MODULES = YES;
				CLANG_ENABLE_OBJC_ARC = YES;
				CLANG_ENABLE_OBJC_WEAK = YES;
				CLANG_WARN_BLOCK_CAPTURE_AUTORELEASING = YES;
				CLANG_WARN_BOOL_CONVERSION = YES;
				CLANG_WARN_COMMA = YES;
				CLANG_WARN_CONSTANT_CONVERSION = YES;
				CLANG_WARN_DEPRECATED_OBJC_IMPLEMENTATIONS = YES;
				CLANG_WARN_DIRECT_OBJC_ISA_USAGE = YES_ERROR;
				CLANG_WARN_DOCUMENTATION_COMMENTS = YES;
				CLANG_WARN_EMPTY_BODY = YES;
				CLANG_WARN_ENUM_CONVERSION = YES;
				CLANG_WARN_INFINITE_RECURSION = YES;
				CLANG_WARN_INT_CONVERSION = YES;
				CLANG_WARN_NON_LITERAL_NULL_CONVERSION = YES;
				CLANG_WARN_OBJC_IMPLICIT_RETAIN_SELF = YES;
				CLANG_WARN_OBJC_LITERAL_CONVERSION = YES;
				CLANG_WARN_OBJC_ROOT_CLASS = YES_ERROR;
				CLANG_WARN_QUOTED_INCLUDE_IN_FRAMEWORK_HEADER = YES;
				CLANG_WARN_RANGE_LOOP_ANALYSIS = YES;
				CLANG_WARN_STRICT_PROTOTYPES = YES;
				CLANG_WARN_SUSPICIOUS_MOVE = YES;
				CLANG_WARN_UNGUARDED_AVAILABILITY = YES_AGGRESSIVE;
				CLANG_WARN_UNREACHABLE_CODE = YES;
				CLANG_WARN__DUPLICATE_METHOD_MATCH = YES;
				COPY_PHASE_STRIP = NO;
				DEBUG_INFORMATION_FORMAT = "dwarf-with-dsym";
				ENABLE_NS_ASSERTIONS = NO;
				ENABLE_STRICT_OBJC_MSGSEND = YES;
				ENABLE_USER_SCRIPT_SANDBOXING = YES;
				GCC_C_LANGUAGE_STANDARD = gnu17;
				GCC_NO_COMMON_BLOCKS = YES;
				GCC_WARN_64_TO_32_BIT_CONVERSION = YES;
				GCC_WARN_ABOUT_RETURN_TYPE = YES_ERROR;
				GCC_WARN_UNDECLARED_SELECTOR = YES;
				GCC_WARN_UNINITIALIZED_AUTOS = YES_AGGRESSIVE;
				GCC_WARN_UNUSED_FUNCTION = YES;
				GCC_WARN_UNUSED_VARIABLE = YES;
				LOCALIZATION_PREFERS_STRING_CATALOGS = YES;
				MACOSX_DEPLOYMENT_TARGET = 15.2;
				MTL_ENABLE_DEBUG_INFO = NO;
				MTL_FAST_MATH = YES;
				SDKROOT = macosx;
				SWIFT_COMPILATION_MODE = wholemodule;
			};
			name = Release;
		};
		C0B338AF2EFD24B400808732 /* Debug */ = {
			isa = XCBuildConfiguration;
			baseConfigurationReference = C0B338F12EFD5A0000808732 /* Debug.xcconfig */;
			buildSettings = {
				ASSETCATALOG_COMPILER_APPICON_NAME = AppIcon;
				ASSETCATALOG_COMPILER_GLOBAL_ACCENT_COLOR_NAME = AccentColor;
				CODE_SIGN_ENTITLEMENTS = KeyTee/KeyTee.entitlements;
				COMBINE_HIDPI_IMAGES = YES;
				DEVELOPMENT_ASSET_PATHS = "\"KeyTee/Preview Content\"";
				ENABLE_HARDENED_RUNTIME = YES;
				ENABLE_PREVIEWS = YES;
				GENERATE_INFOPLIST_FILE = YES;
				INFOPLIST_FILE = KeyTee/Info.plist;
				INFOPLIST_KEY_LSUIElement = YES;
				INFOPLIST_KEY_NSHumanReadableCopyright = "";
				LD_RUNPATH_SEARCH_PATHS = (
					"$(inherited)",
					"@executable_path/../Frameworks",
				);
				SWIFT_EMIT_LOC_STRINGS = YES;
				SWIFT_VERSION = 5.0;
			};
			name = Debug;
		};
		C0B338B02EFD24B400808732 /* Release */ = {
			isa = XCBuildConfiguration;
			baseConfigurationReference = C0B338F22EFD5A0000808732 /* Release.xcconfig */;
			buildSettings = {
				ASSETCATALOG_COMPILER_APPICON_NAME = AppIcon;
				ASSETCATALOG_COMPILER_GLOBAL_ACCENT_COLOR_NAME = AccentColor;
				CODE_SIGN_ENTITLEMENTS = KeyTee/KeyTee.entitlements;
				COMBINE_HIDPI_IMAGES = YES;
				DEVELOPMENT_ASSET_PATHS = "\"KeyTee/Preview Content\"";
				ENABLE_HARDENED_RUNTIME = YES;
				ENABLE_PREVIEWS = YES;
				GENERATE_INFOPLIST_FILE = YES;
				INFOPLIST_FILE = KeyTee/Info.plist;
				INFOPLIST_KEY_LSUIElement = YES;
				INFOPLIST_KEY_NSHumanReadableCopyright = "";
				LD_RUNPATH_SEARCH_PATHS = (
					"$(inherited)",
					"@executable_path/../Frameworks",
				);
				SWIFT_EMIT_LOC_STRINGS = YES;
				SWIFT_VERSION = 5.0;
			};
			name = Release;
		};
		C0B338B22EFD24B400808732 /* Debug */ = {
			isa = XCBuildConfiguration;
			buildSettings = {
				BUNDLE_LOADER = "$(TEST_HOST)";
				CODE_SIGN_STYLE = Automatic;
				CURRENT_PROJECT_VERSION = 1;
				GENERATE_INFOPLIST_FILE = YES;
				MACOSX_DEPLOYMENT_TARGET = 15.2;
				MARKETING_VERSION = 1.0;
				PRODUCT_BUNDLE_IDENTIFIER = dev.amterp.KeyTeeTests;
				PRODUCT_NAME = "$(TARGET_NAME)";
				SWIFT_EMIT_LOC_STRINGS = NO;
				SWIFT_VERSION = 5.0;
				TEST_HOST = "$(BUILT_PRODUCTS_DIR)/KeyTee.app/$(BUNDLE_EXECUTABLE_FOLDER_PATH)/KeyTee";
			};
			name = Debug;
		};
		C0B338B32EFD24B400808732 /* Release */ = {
			isa = XCBuildConfiguration;
			buildSettings = {
				BUNDLE_LOADER = "$(TEST_HOST)";
				CODE_SIGN_STYLE = Automatic;
				CURRENT_PROJECT_VERSION = 1;
				GENERATE_INFOPLIST_FILE = YES;
				MACOSX_DEPLOYMENT_TARGET = 15.2;
				MARKETING_VERSION = 1.0;
				PRODUCT_BUNDLE_IDENTIFIER = dev.amterp.KeyTeeTests;
				PRODUCT_NAME = "$(TARGET_NAME)";
				SWIFT_EMIT_LOC_STRINGS = NO;
				SWIFT_VERSION = 5.0;
				TEST_HOST = "$(BUILT_PRODUCTS_DIR)/KeyTee.app/$(BUNDLE_EXECUTABLE_FOLDER_PATH)/KeyTee";
			};
			name = Release;
		};
		C0B338B52EFD24B400808732 /* Debug */ = {
			isa = XCBuildConfiguration;
			buildSettings = {
				CODE_SIGN_STYLE = Automatic;
				CURRENT_PROJECT_VERSION = 1;
				GENERATE_INFOPLIST_FILE = YES;
				MARKETING_VERSION = 1.0;
				PRODUCT_BUNDLE_IDENTIFIER = dev.amterp.KeyTeeUITests;
				PRODUCT_NAME = "$(TARGET_NAME)";
				SWIFT_EMIT_LOC_STRINGS = NO;
				SWIFT_VERSION = 5.0;
				TEST_TARGET_NAME = KeyTee;
			};
			name = Debug;
		};
		C0B338B62EFD24B400808732 /* Release */ = {
			isa = XCBuildConfiguration;
			buildSettings = {
				CODE_SIGN_STYLE = Automatic;
				CURRENT_PROJECT_VERSION = 1;
				GENERATE_INFOPLIST_FILE = YES;
				MARKETING_VERSION = 1.0;
				PRODUCT_BUNDLE_IDENTIFIER = dev.amterp.KeyTeeUITests;
				PRODUCT_NAME = "$(TARGET_NAME)";
				SWIFT_EMIT_LOC_STRINGS = NO;
				SWIFT_VERSION = 5.0;
				TEST_TARGET_NAME = KeyTee;
			};
			name = Release;
		};
/* End XCBuildConfiguration section */

/* Begin XCConfigurationList section */
		C0B338842EFD24B200808732 /* Build configuration list for PBXProject "KeyTee" */ = {
			isa = XCConfigurationList;
			buildConfigurations = (
				C0B338AC2EFD24B400808732 /* Debug */,
				C0B338AD2EFD24B400808732 /* Release */,
			);
			defaultConfigurationIsVisible = 0;
			defaultConfigurationName = Release;
		};
		C0B338AE2EFD24B400808732 /* Build configuration list for PBXNativeTarget "KeyTee" */ = {
			isa = XCConfigurationList;
			buildConfigurations = (
				C0B338AF2EFD24B400808732 /* Debug */,
				C0B338B02EFD24B400808732 /* Release */,
			);
			defaultConfigurationIsVisible = 0;
			defaultConfigurationName = Release;
		};
		C0B338B12EFD24B400808732 /* Build configuration list for PBXNativeTarget "KeyTeeTests" */ = {
			isa = XCConfigurationList;
			buildConfigurations = (
				C0B338B22EFD24B400808732 /* Debug */,
				C0B338B32EFD24B400808732 /* Release */,
			);
			defaultConfigurationIsVisible = 0;
			defaultConfigurationName = Release;
		};
		C0B338B42EFD24B400808732 /* Build configuration list for PBXNativeTarget "KeyTeeUITests" */ = {
			isa = XCConfigurationList;
			buildConfigurations = (
				C0B338B52EFD24B400808732 /* Debug */,
				C0B338B62EFD24B400808732 /* Release */,
			);
			defaultConfigurationIsVisible = 0;
			defaultConfigurationName = Release;
		};
/* End XCConfigurationList section */

/* Begin XCRemoteSwiftPackageReference section */
		C0B338E32EFD4B3700808732 /* XCRemoteSwiftPackageReference "TOMLKit" */ = {
			isa = XCRemoteSwiftPackageReference;
			repositoryURL = "https://github.com/LebJe/TOMLKit.git";
			requirement = {
				kind = upToNextMajorVersion;
				minimumVersion = 0.6.0;
			};
		};
/* End XCRemoteSwiftPackageReference section */

/* Begin XCSwiftPackageProductDependency section */
		C0B338E42EFD4B3700808732 /* TOMLKit */ = {
			isa = XCSwiftPackageProductDependency;
			package = C0B338E32EFD4B3700808732 /* XCRemoteSwiftPackageReference "TOMLKit" */;
			productName = TOMLKit;
		};
/* End XCSwiftPackageProductDependency section */
	};
	rootObject = C0B338812EFD24B200808732 /* Project object */;
}
